
Microsoft Visual Studio Solution File, Format Version 12.00
# Visual Studio 2013
VisualStudioVersion = 12.0.30501.0
MinimumVisualStudioVersion = 10.0.40219.1
Project("{FAE04EC0-301F-11D3-BF4B-00C04F79EFBC}") = "Xamarin_HelloWorld.WinPhone", "Xamarin_HelloWorld\Xamarin_HelloWorld.WinPhone\Xamarin_HelloWorld.WinPhone.csproj", "{AB7AE815-F33E-45EF-B37D-3E7924944409}"
EndProject
Project("{FAE04EC0-301F-11D3-BF4B-00C04F79EFBC}") = "Xamarin_HelloWorld.iOS", "Xamarin_HelloWorld\Xamarin_HelloWorld.iOS\Xamarin_HelloWorld.iOS.csproj", "{0B5A1A95-265D-49D9-BBCD-D608923F7047}"
EndProject
Project("{FAE04EC0-301F-11D3-BF4B-00C04F79EFBC}") = "Xamarin_HelloWorld.Android", "Xamarin_HelloWorld\Xamarin_HelloWorld.Android\Xamarin_HelloWorld.Android.csproj", "{F745A794-BE3D-4891-B2B6-65F21A2D6F8C}"
EndProject
Project("{D954291E-2A0B-460D-934E-DC6B0785DB48}") = "Xamarin_HelloWorld", "Xamarin_HelloWorld\Xamarin_HelloWorld\Xamarin_HelloWorld.shproj", "{3C3AAE7F-150C-444D-A59A-B0F223EBE6A1}"
EndProject
Global
	GlobalSection(SharedMSBuildProjectFiles) = preSolution
		Xamarin_HelloWorld\Xamarin_HelloWorld\Xamarin_HelloWorld.projitems*{3c3aae7f-150c-444d-a59a-b0f223ebe6a1}*SharedItemsImports = 13
	EndGlobalSection
	GlobalSection(SolutionConfigurationPlatforms) = preSolution
		Ad-Hoc|Any CPU = Ad-Hoc|Any CPU
		Ad-Hoc|ARM = Ad-Hoc|ARM
		Ad-Hoc|iPhone = Ad-Hoc|iPhone
		Ad-Hoc|iPhoneSimulator = Ad-Hoc|iPhoneSimulator
		Ad-Hoc|Mixed Platforms = Ad-Hoc|Mixed Platforms
		Ad-Hoc|x86 = Ad-Hoc|x86
		AppStore|Any CPU = AppStore|Any CPU
		AppStore|ARM = AppStore|ARM
		AppStore|iPhone = AppStore|iPhone
		AppStore|iPhoneSimulator = AppStore|iPhoneSimulator
		AppStore|Mixed Platforms = AppStore|Mixed Platforms
		AppStore|x86 = AppStore|x86
		Debug|Any CPU = Debug|Any CPU
		Debug|ARM = Debug|ARM
		Debug|iPhone = Debug|iPhone
		Debug|iPhoneSimulator = Debug|iPhoneSimulator
		Debug|Mixed Platforms = Debug|Mixed Platforms
		Debug|x86 = Debug|x86
		Release|Any CPU = Release|Any CPU
		Release|ARM = Release|ARM
		Release|iPhone = Release|iPhone
		Release|iPhoneSimulator = Release|iPhoneSimulator
		Release|Mixed Platforms = Release|Mixed Platforms
		Release|x86 = Release|x86
	EndGlobalSection
	GlobalSection(ProjectConfigurationPlatforms) = postSolution
		{AB7AE815-F33E-45EF-B37D-3E7924944409}.Ad-Hoc|Any CPU.ActiveCfg = Release|Any CPU
		{AB7AE815-F33E-45EF-B37D-3E7924944409}.Ad-Hoc|Any CPU.Build.0 = Release|Any CPU
		{AB7AE815-F33E-45EF-B37D-3E7924944409}.Ad-Hoc|Any CPU.Deploy.0 = Release|Any CPU
		{AB7AE815-F33E-45EF-B37D-3E7924944409}.Ad-Hoc|ARM.ActiveCfg = Release|ARM
		{AB7AE815-F33E-45EF-B37D-3E7924944409}.Ad-Hoc|ARM.Build.0 = Release|ARM
		{AB7AE815-F33E-45EF-B37D-3E7924944409}.Ad-Hoc|ARM.Deploy.0 = Release|ARM
		{AB7AE815-F33E-45EF-B37D-3E7924944409}.Ad-Hoc|iPhone.ActiveCfg = Release|Any CPU
		{AB7AE815-F33E-45EF-B37D-3E7924944409}.Ad-Hoc|iPhoneSimulator.ActiveCfg = Release|Any CPU
		{AB7AE815-F33E-45EF-B37D-3E7924944409}.Ad-Hoc|Mixed Platforms.ActiveCfg = Release|x86
		{AB7AE815-F33E-45EF-B37D-3E7924944409}.Ad-Hoc|Mixed Platforms.Build.0 = Release|x86
		{AB7AE815-F33E-45EF-B37D-3E7924944409}.Ad-Hoc|Mixed Platforms.Deploy.0 = Release|x86
		{AB7AE815-F33E-45EF-B37D-3E7924944409}.Ad-Hoc|x86.ActiveCfg = Release|x86
		{AB7AE815-F33E-45EF-B37D-3E7924944409}.Ad-Hoc|x86.Build.0 = Release|x86
		{AB7AE815-F33E-45EF-B37D-3E7924944409}.Ad-Hoc|x86.Deploy.0 = Release|x86
		{AB7AE815-F33E-45EF-B37D-3E7924944409}.AppStore|Any CPU.ActiveCfg = Release|Any CPU
		{AB7AE815-F33E-45EF-B37D-3E7924944409}.AppStore|Any CPU.Build.0 = Release|Any CPU
		{AB7AE815-F33E-45EF-B37D-3E7924944409}.AppStore|Any CPU.Deploy.0 = Release|Any CPU
		{AB7AE815-F33E-45EF-B37D-3E7924944409}.AppStore|ARM.ActiveCfg = Release|ARM
		{AB7AE815-F33E-45EF-B37D-3E7924944409}.AppStore|ARM.Build.0 = Release|ARM
		{AB7AE815-F33E-45EF-B37D-3E7924944409}.AppStore|ARM.Deploy.0 = Release|ARM
		{AB7AE815-F33E-45EF-B37D-3E7924944409}.AppStore|iPhone.ActiveCfg = Release|Any CPU
		{AB7AE815-F33E-45EF-B37D-3E7924944409}.AppStore|iPhoneSimulator.ActiveCfg = Release|Any CPU
		{AB7AE815-F33E-45EF-B37D-3E7924944409}.AppStore|Mixed Platforms.ActiveCfg = Release|x86
		{AB7AE815-F33E-45EF-B37D-3E7924944409}.AppStore|Mixed Platforms.Build.0 = Release|x86
		{AB7AE815-F33E-45EF-B37D-3E7924944409}.AppStore|Mixed Platforms.Deploy.0 = Release|x86
		{AB7AE815-F33E-45EF-B37D-3E7924944409}.AppStore|x86.ActiveCfg = Release|x86
		{AB7AE815-F33E-45EF-B37D-3E7924944409}.AppStore|x86.Build.0 = Release|x86
		{AB7AE815-F33E-45EF-B37D-3E7924944409}.AppStore|x86.Deploy.0 = Release|x86
		{AB7AE815-F33E-45EF-B37D-3E7924944409}.Debug|Any CPU.ActiveCfg = Debug|Any CPU
		{AB7AE815-F33E-45EF-B37D-3E7924944409}.Debug|Any CPU.Build.0 = Debug|Any CPU
		{AB7AE815-F33E-45EF-B37D-3E7924944409}.Debug|Any CPU.Deploy.0 = Debug|Any CPU
		{AB7AE815-F33E-45EF-B37D-3E7924944409}.Debug|ARM.ActiveCfg = Debug|ARM
		{AB7AE815-F33E-45EF-B37D-3E7924944409}.Debug|ARM.Build.0 = Debug|ARM
		{AB7AE815-F33E-45EF-B37D-3E7924944409}.Debug|ARM.Deploy.0 = Debug|ARM
		{AB7AE815-F33E-45EF-B37D-3E7924944409}.Debug|iPhone.ActiveCfg = Debug|Any CPU
		{AB7AE815-F33E-45EF-B37D-3E7924944409}.Debug|iPhoneSimulator.ActiveCfg = Debug|Any CPU
		{AB7AE815-F33E-45EF-B37D-3E7924944409}.Debug|Mixed Platforms.ActiveCfg = Debug|x86
		{AB7AE815-F33E-45EF-B37D-3E7924944409}.Debug|Mixed Platforms.Build.0 = Debug|x86
		{AB7AE815-F33E-45EF-B37D-3E7924944409}.Debug|Mixed Platforms.Deploy.0 = Debug|x86
		{AB7AE815-F33E-45EF-B37D-3E7924944409}.Debug|x86.ActiveCfg = Debug|x86
		{AB7AE815-F33E-45EF-B37D-3E7924944409}.Debug|x86.Build.0 = Debug|x86
		{AB7AE815-F33E-45EF-B37D-3E7924944409}.Debug|x86.Deploy.0 = Debug|x86
		{AB7AE815-F33E-45EF-B37D-3E7924944409}.Release|Any CPU.ActiveCfg = Release|Any CPU
		{AB7AE815-F33E-45EF-B37D-3E7924944409}.Release|Any CPU.Build.0 = Release|Any CPU
		{AB7AE815-F33E-45EF-B37D-3E7924944409}.Release|Any CPU.Deploy.0 = Release|Any CPU
		{AB7AE815-F33E-45EF-B37D-3E7924944409}.Release|ARM.ActiveCfg = Release|ARM
		{AB7AE815-F33E-45EF-B37D-3E7924944409}.Release|ARM.Build.0 = Release|ARM
		{AB7AE815-F33E-45EF-B37D-3E7924944409}.Release|ARM.Deploy.0 = Release|ARM
		{AB7AE815-F33E-45EF-B37D-3E7924944409}.Release|iPhone.ActiveCfg = Release|Any CPU
		{AB7AE815-F33E-45EF-B37D-3E7924944409}.Release|iPhoneSimulator.ActiveCfg = Release|Any CPU
		{AB7AE815-F33E-45EF-B37D-3E7924944409}.Release|Mixed Platforms.ActiveCfg = Release|x86
		{AB7AE815-F33E-45EF-B37D-3E7924944409}.Release|Mixed Platforms.Build.0 = Release|x86
		{AB7AE815-F33E-45EF-B37D-3E7924944409}.Release|Mixed Platforms.Deploy.0 = Release|x86
		{AB7AE815-F33E-45EF-B37D-3E7924944409}.Release|x86.ActiveCfg = Release|x86
		{AB7AE815-F33E-45EF-B37D-3E7924944409}.Release|x86.Build.0 = Release|x86
		{AB7AE815-F33E-45EF-B37D-3E7924944409}.Release|x86.Deploy.0 = Release|x86
		{0B5A1A95-265D-49D9-BBCD-D608923F7047}.Ad-Hoc|Any CPU.ActiveCfg = Ad-Hoc|iPhone
		{0B5A1A95-265D-49D9-BBCD-D608923F7047}.Ad-Hoc|ARM.ActiveCfg = Ad-Hoc|iPhone
		{0B5A1A95-265D-49D9-BBCD-D608923F7047}.Ad-Hoc|iPhone.ActiveCfg = Ad-Hoc|iPhone
		{0B5A1A95-265D-49D9-BBCD-D608923F7047}.Ad-Hoc|iPhone.Build.0 = Ad-Hoc|iPhone
		{0B5A1A95-265D-49D9-BBCD-D608923F7047}.Ad-Hoc|iPhoneSimulator.ActiveCfg = Ad-Hoc|iPhoneSimulator
		{0B5A1A95-265D-49D9-BBCD-D608923F7047}.Ad-Hoc|iPhoneSimulator.Build.0 = Ad-Hoc|iPhoneSimulator
		{0B5A1A95-265D-49D9-BBCD-D608923F7047}.Ad-Hoc|Mixed Platforms.ActiveCfg = Ad-Hoc|iPhone
		{0B5A1A95-265D-49D9-BBCD-D608923F7047}.Ad-Hoc|Mixed Platforms.Build.0 = Ad-Hoc|iPhone
		{0B5A1A95-265D-49D9-BBCD-D608923F7047}.Ad-Hoc|x86.ActiveCfg = Ad-Hoc|iPhone
		{0B5A1A95-265D-49D9-BBCD-D608923F7047}.AppStore|Any CPU.ActiveCfg = AppStore|iPhone
		{0B5A1A95-265D-49D9-BBCD-D608923F7047}.AppStore|ARM.ActiveCfg = AppStore|iPhone
		{0B5A1A95-265D-49D9-BBCD-D608923F7047}.AppStore|iPhone.ActiveCfg = AppStore|iPhone
		{0B5A1A95-265D-49D9-BBCD-D608923F7047}.AppStore|iPhone.Build.0 = AppStore|iPhone
		{0B5A1A95-265D-49D9-BBCD-D608923F7047}.AppStore|iPhoneSimulator.ActiveCfg = AppStore|iPhoneSimulator
		{0B5A1A95-265D-49D9-BBCD-D608923F7047}.AppStore|iPhoneSimulator.Build.0 = AppStore|iPhoneSimulator
		{0B5A1A95-265D-49D9-BBCD-D608923F7047}.AppStore|Mixed Platforms.ActiveCfg = AppStore|iPhone
		{0B5A1A95-265D-49D9-BBCD-D608923F7047}.AppStore|Mixed Platforms.Build.0 = AppStore|iPhone
		{0B5A1A95-265D-49D9-BBCD-D608923F7047}.AppStore|x86.ActiveCfg = AppStore|iPhone
		{0B5A1A95-265D-49D9-BBCD-D608923F7047}.Debug|Any CPU.ActiveCfg = Debug|iPhone
		{0B5A1A95-265D-49D9-BBCD-D608923F7047}.Debug|ARM.ActiveCfg = Debug|iPhone
		{0B5A1A95-265D-49D9-BBCD-D608923F7047}.Debug|iPhone.ActiveCfg = Debug|iPhone
		{0B5A1A95-265D-49D9-BBCD-D608923F7047}.Debug|iPhone.Build.0 = Debug|iPhone
		{0B5A1A95-265D-49D9-BBCD-D608923F7047}.Debug|iPhoneSimulator.ActiveCfg = Debug|iPhoneSimulator
		{0B5A1A95-265D-49D9-BBCD-D608923F7047}.Debug|iPhoneSimulator.Build.0 = Debug|iPhoneSimulator
		{0B5A1A95-265D-49D9-BBCD-D608923F7047}.Debug|Mixed Platforms.ActiveCfg = Debug|iPhone
		{0B5A1A95-265D-49D9-BBCD-D608923F7047}.Debug|Mixed Platforms.Build.0 = Debug|iPhone
		{0B5A1A95-265D-49D9-BBCD-D608923F7047}.Debug|x86.ActiveCfg = Debug|iPhone
		{0B5A1A95-265D-49D9-BBCD-D608923F7047}.Release|Any CPU.ActiveCfg = Release|iPhone
		{0B5A1A95-265D-49D9-BBCD-D608923F7047}.Release|ARM.ActiveCfg = Release|iPhone
		{0B5A1A95-265D-49D9-BBCD-D608923F7047}.Release|iPhone.ActiveCfg = Release|iPhone
		{0B5A1A95-265D-49D9-BBCD-D608923F7047}.Release|iPhone.Build.0 = Release|iPhone
		{0B5A1A95-265D-49D9-BBCD-D608923F7047}.Release|iPhoneSimulator.ActiveCfg = Release|iPhoneSimulator
		{0B5A1A95-265D-49D9-BBCD-D608923F7047}.Release|iPhoneSimulator.Build.0 = Release|iPhoneSimulator
		{0B5A1A95-265D-49D9-BBCD-D608923F7047}.Release|Mixed Platforms.ActiveCfg = Release|iPhone
		{0B5A1A95-265D-49D9-BBCD-D608923F7047}.Release|Mixed Platforms.Build.0 = Release|iPhone
		{0B5A1A95-265D-49D9-BBCD-D608923F7047}.Release|x86.ActiveCfg = Release|iPhone
		{F745A794-BE3D-4891-B2B6-65F21A2D6F8C}.Ad-Hoc|Any CPU.ActiveCfg = Release|Any CPU
		{F745A794-BE3D-4891-B2B6-65F21A2D6F8C}.Ad-Hoc|Any CPU.Build.0 = Release|Any CPU
		{F745A794-BE3D-4891-B2B6-65F21A2D6F8C}.Ad-Hoc|Any CPU.Deploy.0 = Release|Any CPU
		{F745A794-BE3D-4891-B2B6-65F21A2D6F8C}.Ad-Hoc|ARM.ActiveCfg = Release|Any CPU
		{F745A794-BE3D-4891-B2B6-65F21A2D6F8C}.Ad-Hoc|iPhone.ActiveCfg = Release|Any CPU
		{F745A794-BE3D-4891-B2B6-65F21A2D6F8C}.Ad-Hoc|iPhoneSimulator.ActiveCfg = Release|Any CPU
		{F745A794-BE3D-4891-B2B6-65F21A2D6F8C}.Ad-Hoc|Mixed Platforms.ActiveCfg = Release|Any CPU
		{F745A794-BE3D-4891-B2B6-65F21A2D6F8C}.Ad-Hoc|Mixed Platforms.Build.0 = Release|Any CPU
		{F745A794-BE3D-4891-B2B6-65F21A2D6F8C}.Ad-Hoc|Mixed Platforms.Deploy.0 = Release|Any CPU
		{F745A794-BE3D-4891-B2B6-65F21A2D6F8C}.Ad-Hoc|x86.ActiveCfg = Release|Any CPU
		{F745A794-BE3D-4891-B2B6-65F21A2D6F8C}.AppStore|Any CPU.ActiveCfg = Release|Any CPU
		{F745A794-BE3D-4891-B2B6-65F21A2D6F8C}.AppStore|Any CPU.Build.0 = Release|Any CPU
		{F745A794-BE3D-4891-B2B6-65F21A2D6F8C}.AppStore|Any CPU.Deploy.0 = Release|Any CPU
		{F745A794-BE3D-4891-B2B6-65F21A2D6F8C}.AppStore|ARM.ActiveCfg = Release|Any CPU
		{F745A794-BE3D-4891-B2B6-65F21A2D6F8C}.AppStore|iPhone.ActiveCfg = Release|Any CPU
		{F745A794-BE3D-4891-B2B6-65F21A2D6F8C}.AppStore|iPhoneSimulator.ActiveCfg = Release|Any CPU
		{F745A794-BE3D-4891-B2B6-65F21A2D6F8C}.AppStore|Mixed Platforms.ActiveCfg = Release|Any CPU
		{F745A794-BE3D-4891-B2B6-65F21A2D6F8C}.AppStore|Mixed Platforms.Build.0 = Release|Any CPU
		{F745A794-BE3D-4891-B2B6-65F21A2D6F8C}.AppStore|Mixed Platforms.Deploy.0 = Release|Any CPU
		{F745A794-BE3D-4891-B2B6-65F21A2D6F8C}.AppStore|x86.ActiveCfg = Release|Any CPU
		{F745A794-BE3D-4891-B2B6-65F21A2D6F8C}.Debug|Any CPU.ActiveCfg = Debug|Any CPU
		{F745A794-BE3D-4891-B2B6-65F21A2D6F8C}.Debug|Any CPU.Build.0 = Debug|Any CPU
		{F745A794-BE3D-4891-B2B6-65F21A2D6F8C}.Debug|Any CPU.Deploy.0 = Debug|Any CPU
		{F745A794-BE3D-4891-B2B6-65F21A2D6F8C}.Debug|ARM.ActiveCfg = Debug|Any CPU
		{F745A794-BE3D-4891-B2B6-65F21A2D6F8C}.Debug|iPhone.ActiveCfg = Debug|Any CPU
		{F745A794-BE3D-4891-B2B6-65F21A2D6F8C}.Debug|iPhoneSimulator.ActiveCfg = Debug|Any CPU
		{F745A794-BE3D-4891-B2B6-65F21A2D6F8C}.Debug|Mixed Platforms.ActiveCfg = Debug|Any CPU
		{F745A794-BE3D-4891-B2B6-65F21A2D6F8C}.Debug|Mixed Platforms.Build.0 = Debug|Any CPU
		{F745A794-BE3D-4891-B2B6-65F21A2D6F8C}.Debug|Mixed Platforms.Deploy.0 = Debug|Any CPU
		{F745A794-BE3D-4891-B2B6-65F21A2D6F8C}.Debug|x86.ActiveCfg = Debug|Any CPU
		{F745A794-BE3D-4891-B2B6-65F21A2D6F8C}.Release|Any CPU.ActiveCfg = Release|Any CPU
		{F745A794-BE3D-4891-B2B6-65F21A2D6F8C}.Release|Any CPU.Build.0 = Release|Any CPU
		{F745A794-BE3D-4891-B2B6-65F21A2D6F8C}.Release|Any CPU.Deploy.0 = Release|Any CPU
		{F745A794-BE3D-4891-B2B6-65F21A2D6F8C}.Release|ARM.ActiveCfg = Release|Any CPU
		{F745A794-BE3D-4891-B2B6-65F21A2D6F8C}.Release|iPhone.ActiveCfg = Release|Any CPU
		{F745A794-BE3D-4891-B2B6-65F21A2D6F8C}.Release|iPhoneSimulator.ActiveCfg = Release|Any CPU
		{F745A794-BE3D-4891-B2B6-65F21A2D6F8C}.Release|Mixed Platforms.ActiveCfg = Release|Any CPU
		{F745A794-BE3D-4891-B2B6-65F21A2D6F8C}.Release|Mixed Platforms.Build.0 = Release|Any CPU
		{F745A794-BE3D-4891-B2B6-65F21A2D6F8C}.Release|Mixed Platforms.Deploy.0 = Release|Any CPU
		{F745A794-BE3D-4891-B2B6-65F21A2D6F8C}.Release|x86.ActiveCfg = Release|Any CPU
	EndGlobalSection
	GlobalSection(SolutionProperties) = preSolution
		HideSolutionNode = FALSE
	EndGlobalSection
EndGlobal
