
Microsoft Visual Studio Solution File, Format Version 12.00
# Visual Studio 2013
VisualStudioVersion = 12.0.30501.0
MinimumVisualStudioVersion = 10.0.40219.1
Project("{FAE04EC0-301F-11D3-BF4B-00C04F79EFBC}") = "REST_WebSCe", "REST_WebSCe\REST_WebSCe.csproj", "{CA73FB0E-97F1-4770-8ADC-07F97B7429D7}"
EndProject
Project("{FAE04EC0-301F-11D3-BF4B-00C04F79EFBC}") = "RestWebService", "RestWebService\RestWebService.csproj", "{3C070F1D-0F71-44B2-B1D1-3CD4D085E868}"
EndProject
Global
	GlobalSection(SolutionConfigurationPlatforms) = preSolution
		Debug|Any CPU = Debug|Any CPU
		Release|Any CPU = Release|Any CPU
	EndGlobalSection
	GlobalSection(ProjectConfigurationPlatforms) = postSolution
		{CA73FB0E-97F1-4770-8ADC-07F97B7429D7}.Debug|Any CPU.ActiveCfg = Debug|Any CPU
		{CA73FB0E-97F1-4770-8ADC-07F97B7429D7}.Debug|Any CPU.Build.0 = Debug|Any CPU
		{CA73FB0E-97F1-4770-8ADC-07F97B7429D7}.Release|Any CPU.ActiveCfg = Release|Any CPU
		{CA73FB0E-97F1-4770-8ADC-07F97B7429D7}.Release|Any CPU.Build.0 = Release|Any CPU
		{3C070F1D-0F71-44B2-B1D1-3CD4D085E868}.Debug|Any CPU.ActiveCfg = Debug|Any CPU
		{3C070F1D-0F71-44B2-B1D1-3CD4D085E868}.Debug|Any CPU.Build.0 = Debug|Any CPU
		{3C070F1D-0F71-44B2-B1D1-3CD4D085E868}.Release|Any CPU.ActiveCfg = Release|Any CPU
		{3C070F1D-0F71-44B2-B1D1-3CD4D085E868}.Release|Any CPU.Build.0 = Release|Any CPU
	EndGlobalSection
	GlobalSection(SolutionProperties) = preSolution
		HideSolutionNode = FALSE
	EndGlobalSection
EndGlobal
